
Microsoft Visual Studio Solution File, Format Version 12.00
# Visual Studio Version 16
VisualStudioVersion = 16.0.31702.278
MinimumVisualStudioVersion = 10.0.40219.1
Project("{FAE04EC0-301F-11D3-BF4B-00C04F79EFBC}") = "MVVMDemo", "MVVMDemo\MVVMDemo.csproj", "{7EB0AF3C-0612-49E4-A98E-4786FAB810DC}"
EndProject
Global
	GlobalSection(SolutionConfigurationPlatforms) = preSolution
		Debug|Any CPU = Debug|Any CPU
		Release|Any CPU = Release|Any CPU
	EndGlobalSection
	GlobalSection(ProjectConfigurationPlatforms) = postSolution
		{7EB0AF3C-0612-49E4-A98E-4786FAB810DC}.Debug|Any CPU.ActiveCfg = Debug|Any CPU
		{7EB0AF3C-0612-49E4-A98E-4786FAB810DC}.Debug|Any CPU.Build.0 = Debug|Any CPU
		{7EB0AF3C-0612-49E4-A98E-4786FAB810DC}.Release|Any CPU.ActiveCfg = Release|Any CPU
		{7EB0AF3C-0612-49E4-A98E-4786FAB810DC}.Release|Any CPU.Build.0 = Release|Any CPU
	EndGlobalSection
	GlobalSection(SolutionProperties) = preSolution
		HideSolutionNode = FALSE
	EndGlobalSection
	GlobalSection(ExtensibilityGlobals) = postSolution
		SolutionGuid = {1E8C4EF6-3B5A-49A6-964A-239C99436E8F}
	EndGlobalSection
EndGlobal
